// !$*UTF8*$!
{
	archiveVersion = 1;
	classes = {
	};
	objectVersion = 55;
	objects = {

/* Begin PBXBuildFile section */
		C4574387272A113F0095CF39 /* chem_awareApp.swift in Sources */ = {isa = PBXBuildFile; fileRef = C4574386272A113F0095CF39 /* chem_awareApp.swift */; };
		C4574389272A113F0095CF39 /* ContentView.swift in Sources */ = {isa = PBXBuildFile; fileRef = C4574388272A113F0095CF39 /* ContentView.swift */; };
		C457438B272A11410095CF39 /* Assets.xcassets in Resources */ = {isa = PBXBuildFile; fileRef = C457438A272A11410095CF39 /* Assets.xcassets */; };
		C457438E272A11410095CF39 /* Preview Assets.xcassets in Resources */ = {isa = PBXBuildFile; fileRef = C457438D272A11410095CF39 /* Preview Assets.xcassets */; };
		C4574398272A11410095CF39 /* chem_awareTests.swift in Sources */ = {isa = PBXBuildFile; fileRef = C4574397272A11410095CF39 /* chem_awareTests.swift */; };
		C45743A2272A11410095CF39 /* chem_awareUITests.swift in Sources */ = {isa = PBXBuildFile; fileRef = C45743A1272A11410095CF39 /* chem_awareUITests.swift */; };
		C45743A4272A11410095CF39 /* chem_awareUITestsLaunchTests.swift in Sources */ = {isa = PBXBuildFile; fileRef = C45743A3272A11410095CF39 /* chem_awareUITestsLaunchTests.swift */; };
		C45743B7272A18E00095CF39 /* Chem_Search.swift in Sources */ = {isa = PBXBuildFile; fileRef = C45743B6272A18E00095CF39 /* Chem_Search.swift */; };
/* End PBXBuildFile section */

/* Begin PBXContainerItemProxy section */
		C4574394272A11410095CF39 /* PBXContainerItemProxy */ = {
			isa = PBXContainerItemProxy;
			containerPortal = C457437B272A113F0095CF39 /* Project object */;
			proxyType = 1;
			remoteGlobalIDString = C4574382272A113F0095CF39;
			remoteInfo = chem_aware;
		};
		C457439E272A11410095CF39 /* PBXContainerItemProxy */ = {
			isa = PBXContainerItemProxy;
			containerPortal = C457437B272A113F0095CF39 /* Project object */;
			proxyType = 1;
			remoteGlobalIDString = C4574382272A113F0095CF39;
			remoteInfo = chem_aware;
		};
/* End PBXContainerItemProxy section */

/* Begin PBXFileReference section */
		C4574383272A113F0095CF39 /* chem_aware.app */ = {isa = PBXFileReference; explicitFileType = wrapper.application; includeInIndex = 0; path = chem_aware.app; sourceTree = BUILT_PRODUCTS_DIR; };
		C4574386272A113F0095CF39 /* chem_awareApp.swift */ = {isa = PBXFileReference; lastKnownFileType = sourcecode.swift; path = chem_awareApp.swift; sourceTree = "<group>"; };
		C4574388272A113F0095CF39 /* ContentView.swift */ = {isa = PBXFileReference; lastKnownFileType = sourcecode.swift; path = ContentView.swift; sourceTree = "<group>"; };
		C457438A272A11410095CF39 /* Assets.xcassets */ = {isa = PBXFileReference; lastKnownFileType = folder.assetcatalog; path = Assets.xcassets; sourceTree = "<group>"; };
		C457438D272A11410095CF39 /* Preview Assets.xcassets */ = {isa = PBXFileReference; lastKnownFileType = folder.assetcatalog; path = "Preview Assets.xcassets"; sourceTree = "<group>"; };
		C4574393272A11410095CF39 /* chem_awareTests.xctest */ = {isa = PBXFileReference; explicitFileType = wrapper.cfbundle; includeInIndex = 0; path = chem_awareTests.xctest; sourceTree = BUILT_PRODUCTS_DIR; };
		C4574397272A11410095CF39 /* chem_awareTests.swift */ = {isa = PBXFileReference; lastKnownFileType = sourcecode.swift; path = chem_awareTests.swift; sourceTree = "<group>"; };
		C457439D272A11410095CF39 /* chem_awareUITests.xctest */ = {isa = PBXFileReference; explicitFileType = wrapper.cfbundle; includeInIndex = 0; path = chem_awareUITests.xctest; sourceTree = BUILT_PRODUCTS_DIR; };
		C45743A1272A11410095CF39 /* chem_awareUITests.swift */ = {isa = PBXFileReference; lastKnownFileType = sourcecode.swift; path = chem_awareUITests.swift; sourceTree = "<group>"; };
		C45743A3272A11410095CF39 /* chem_awareUITestsLaunchTests.swift */ = {isa = PBXFileReference; lastKnownFileType = sourcecode.swift; path = chem_awareUITestsLaunchTests.swift; sourceTree = "<group>"; };
		C45743B6272A18E00095CF39 /* Chem_Search.swift */ = {isa = PBXFileReference; lastKnownFileType = sourcecode.swift; path = Chem_Search.swift; sourceTree = "<group>"; };
/* End PBXFileReference section */

/* Begin PBXFrameworksBuildPhase section */
		C4574380272A113F0095CF39 /* Frameworks */ = {
			isa = PBXFrameworksBuildPhase;
			buildActionMask = 2147483647;
			files = (
			);
			runOnlyForDeploymentPostprocessing = 0;
		};
		C4574390272A11410095CF39 /* Frameworks */ = {
			isa = PBXFrameworksBuildPhase;
			buildActionMask = 2147483647;
			files = (
			);
			runOnlyForDeploymentPostprocessing = 0;
		};
		C457439A272A11410095CF39 /* Frameworks */ = {
			isa = PBXFrameworksBuildPhase;
			buildActionMask = 2147483647;
			files = (
			);
			runOnlyForDeploymentPostprocessing = 0;
		};
/* End PBXFrameworksBuildPhase section */

/* Begin PBXGroup section */
		C457437A272A113F0095CF39 = {
			isa = PBXGroup;
			children = (
				C4574385272A113F0095CF39 /* chem_aware */,
				C4574396272A11410095CF39 /* chem_awareTests */,
				C45743A0272A11410095CF39 /* chem_awareUITests */,
				C4574384272A113F0095CF39 /* Products */,
			);
			sourceTree = "<group>";
		};
		C4574384272A113F0095CF39 /* Products */ = {
			isa = PBXGroup;
			children = (
				C4574383272A113F0095CF39 /* chem_aware.app */,
				C4574393272A11410095CF39 /* chem_awareTests.xctest */,
				C457439D272A11410095CF39 /* chem_awareUITests.xctest */,
			);
			name = Products;
			sourceTree = "<group>";
		};
		C4574385272A113F0095CF39 /* chem_aware */ = {
			isa = PBXGroup;
			children = (
				C4574386272A113F0095CF39 /* chem_awareApp.swift */,
				C4574388272A113F0095CF39 /* ContentView.swift */,
				C457438A272A11410095CF39 /* Assets.xcassets */,
				C45743B6272A18E00095CF39 /* Chem_Search.swift */,
				C457438C272A11410095CF39 /* Preview Content */,
			);
			path = chem_aware;
			sourceTree = "<group>";
		};
		C457438C272A11410095CF39 /* Preview Content */ = {
			isa = PBXGroup;
			children = (
				C457438D272A11410095CF39 /* Preview Assets.xcassets */,
			);
			path = "Preview Content";
			sourceTree = "<group>";
		};
		C4574396272A11410095CF39 /* chem_awareTests */ = {
			isa = PBXGroup;
			children = (
				C4574397272A11410095CF39 /* chem_awareTests.swift */,
			);
			path = chem_awareTests;
			sourceTree = "<group>";
		};
		C45743A0272A11410095CF39 /* chem_awareUITests */ = {
			isa = PBXGroup;
			children = (
				C45743A1272A11410095CF39 /* chem_awareUITests.swift */,
				C45743A3272A11410095CF39 /* chem_awareUITestsLaunchTests.swift */,
			);
			path = chem_awareUITests;
			sourceTree = "<group>";
		};
/* End PBXGroup section */

/* Begin PBXNativeTarget section */
		C4574382272A113F0095CF39 /* chem_aware */ = {
			isa = PBXNativeTarget;
			buildConfigurationList = C45743A7272A11410095CF39 /* Build configuration list for PBXNativeTarget "chem_aware" */;
			buildPhases = (
				C457437F272A113F0095CF39 /* Sources */,
				C4574380272A113F0095CF39 /* Frameworks */,
				C4574381272A113F0095CF39 /* Resources */,
			);
			buildRules = (
			);
			dependencies = (
			);
			name = chem_aware;
			productName = chem_aware;
			productReference = C4574383272A113F0095CF39 /* chem_aware.app */;
			productType = "com.apple.product-type.application";
		};
		C4574392272A11410095CF39 /* chem_awareTests */ = {
			isa = PBXNativeTarget;
			buildConfigurationList = C45743AA272A11410095CF39 /* Build configuration list for PBXNativeTarget "chem_awareTests" */;
			buildPhases = (
				C457438F272A11410095CF39 /* Sources */,
				C4574390272A11410095CF39 /* Frameworks */,
				C4574391272A11410095CF39 /* Resources */,
			);
			buildRules = (
			);
			dependencies = (
				C4574395272A11410095CF39 /* PBXTargetDependency */,
			);
			name = chem_awareTests;
			productName = chem_awareTests;
			productReference = C4574393272A11410095CF39 /* chem_awareTests.xctest */;
			productType = "com.apple.product-type.bundle.unit-test";
		};
		C457439C272A11410095CF39 /* chem_awareUITests */ = {
			isa = PBXNativeTarget;
			buildConfigurationList = C45743AD272A11410095CF39 /* Build configuration list for PBXNativeTarget "chem_awareUITests" */;
			buildPhases = (
				C4574399272A11410095CF39 /* Sources */,
				C457439A272A11410095CF39 /* Frameworks */,
				C457439B272A11410095CF39 /* Resources */,
			);
			buildRules = (
			);
			dependencies = (
				C457439F272A11410095CF39 /* PBXTargetDependency */,
			);
			name = chem_awareUITests;
			productName = chem_awareUITests;
			productReference = C457439D272A11410095CF39 /* chem_awareUITests.xctest */;
			productType = "com.apple.product-type.bundle.ui-testing";
		};
/* End PBXNativeTarget section */

/* Begin PBXProject section */
		C457437B272A113F0095CF39 /* Project object */ = {
			isa = PBXProject;
			attributes = {
				BuildIndependentTargetsInParallel = 1;
				LastSwiftUpdateCheck = 1310;
				LastUpgradeCheck = 1310;
				TargetAttributes = {
					C4574382272A113F0095CF39 = {
						CreatedOnToolsVersion = 13.1;
					};
					C4574392272A11410095CF39 = {
						CreatedOnToolsVersion = 13.1;
						TestTargetID = C4574382272A113F0095CF39;
					};
					C457439C272A11410095CF39 = {
						CreatedOnToolsVersion = 13.1;
						TestTargetID = C4574382272A113F0095CF39;
					};
				};
			};
			buildConfigurationList = C457437E272A113F0095CF39 /* Build configuration list for PBXProject "chem_aware" */;
			compatibilityVersion = "Xcode 13.0";
			developmentRegion = en;
			hasScannedForEncodings = 0;
			knownRegions = (
				en,
				Base,
			);
			mainGroup = C457437A272A113F0095CF39;
			productRefGroup = C4574384272A113F0095CF39 /* Products */;
			projectDirPath = "";
			projectRoot = "";
			targets = (
				C4574382272A113F0095CF39 /* chem_aware */,
				C4574392272A11410095CF39 /* chem_awareTests */,
				C457439C272A11410095CF39 /* chem_awareUITests */,
			);
		};
/* End PBXProject section */

/* Begin PBXResourcesBuildPhase section */
		C4574381272A113F0095CF39 /* Resources */ = {
			isa = PBXResourcesBuildPhase;
			buildActionMask = 2147483647;
			files = (
				C457438E272A11410095CF39 /* Preview Assets.xcassets in Resources */,
				C457438B272A11410095CF39 /* Assets.xcassets in Resources */,
			);
			runOnlyForDeploymentPostprocessing = 0;
		};
		C4574391272A11410095CF39 /* Resources */ = {
			isa = PBXResourcesBuildPhase;
			buildActionMask = 2147483647;
			files = (
			);
			runOnlyForDeploymentPostprocessing = 0;
		};
		C457439B272A11410095CF39 /* Resources */ = {
			isa = PBXResourcesBuildPhase;
			buildActionMask = 2147483647;
			files = (
			);
			runOnlyForDeploymentPostprocessing = 0;
		};
/* End PBXResourcesBuildPhase section */

/* Begin PBXSourcesBuildPhase section */
		C457437F272A113F0095CF39 /* Sources */ = {
			isa = PBXSourcesBuildPhase;
			buildActionMask = 2147483647;
			files = (
				C4574389272A113F0095CF39 /* ContentView.swift in Sources */,
				C45743B7272A18E00095CF39 /* Chem_Search.swift in Sources */,
				C4574387272A113F0095CF39 /* chem_awareApp.swift in Sources */,
			);
			runOnlyForDeploymentPostprocessing = 0;
		};
		C457438F272A11410095CF39 /* Sources */ = {
			isa = PBXSourcesBuildPhase;
			buildActionMask = 2147483647;
			files = (
				C4574398272A11410095CF39 /* chem_awareTests.swift in Sources */,
			);
			runOnlyForDeploymentPostprocessing = 0;
		};
		C4574399272A11410095CF39 /* Sources */ = {
			isa = PBXSourcesBuildPhase;
			buildActionMask = 2147483647;
			files = (
				C45743A4272A11410095CF39 /* chem_awareUITestsLaunchTests.swift in Sources */,
				C45743A2272A11410095CF39 /* chem_awareUITests.swift in Sources */,
			);
			runOnlyForDeploymentPostprocessing = 0;
		};
/* End PBXSourcesBuildPhase section */

/* Begin PBXTargetDependency section */
		C4574395272A11410095CF39 /* PBXTargetDependency */ = {
			isa = PBXTargetDependency;
			target = C4574382272A113F0095CF39 /* chem_aware */;
			targetProxy = C4574394272A11410095CF39 /* PBXContainerItemProxy */;
		};
		C457439F272A11410095CF39 /* PBXTargetDependency */ = {
			isa = PBXTargetDependency;
			target = C4574382272A113F0095CF39 /* chem_aware */;
			targetProxy = C457439E272A11410095CF39 /* PBXContainerItemProxy */;
		};
/* End PBXTargetDependency section */

/* Begin XCBuildConfiguration section */
		C45743A5272A11410095CF39 /* Debug */ = {
			isa = XCBuildConfiguration;
			buildSettings = {
				ALWAYS_SEARCH_USER_PATHS = NO;
				CLANG_ANALYZER_NONNULL = YES;
				CLANG_ANALYZER_NUMBER_OBJECT_CONVERSION = YES_AGGRESSIVE;
				CLANG_CXX_LANGUAGE_STANDARD = "gnu++17";
				CLANG_CXX_LIBRARY = "libc++";
				CLANG_ENABLE_MODULES = YES;
				CLANG_ENABLE_OBJC_ARC = YES;
				CLANG_ENABLE_OBJC_WEAK = YES;
				CLANG_WARN_BLOCK_CAPTURE_AUTORELEASING = YES;
				CLANG_WARN_BOOL_CONVERSION = YES;
				CLANG_WARN_COMMA = YES;
				CLANG_WARN_CONSTANT_CONVERSION = YES;
				CLANG_WARN_DEPRECATED_OBJC_IMPLEMENTATIONS = YES;
				CLANG_WARN_DIRECT_OBJC_ISA_USAGE = YES_ERROR;
				CLANG_WARN_DOCUMENTATION_COMMENTS = YES;
				CLANG_WARN_EMPTY_BODY = YES;
				CLANG_WARN_ENUM_CONVERSION = YES;
				CLANG_WARN_INFINITE_RECURSION = YES;
				CLANG_WARN_INT_CONVERSION = YES;
				CLANG_WARN_NON_LITERAL_NULL_CONVERSION = YES;
				CLANG_WARN_OBJC_IMPLICIT_RETAIN_SELF = YES;
				CLANG_WARN_OBJC_LITERAL_CONVERSION = YES;
				CLANG_WARN_OBJC_ROOT_CLASS = YES_ERROR;
				CLANG_WARN_QUOTED_INCLUDE_IN_FRAMEWORK_HEADER = YES;
				CLANG_WARN_RANGE_LOOP_ANALYSIS = YES;
				CLANG_WARN_STRICT_PROTOTYPES = YES;
				CLANG_WARN_SUSPICIOUS_MOVE = YES;
				CLANG_WARN_UNGUARDED_AVAILABILITY = YES_AGGRESSIVE;
				CLANG_WARN_UNREACHABLE_CODE = YES;
				CLANG_WARN__DUPLICATE_METHOD_MATCH = YES;
				COPY_PHASE_STRIP = NO;
				DEBUG_INFORMATION_FORMAT = dwarf;
				ENABLE_STRICT_OBJC_MSGSEND = YES;
				ENABLE_TESTABILITY = YES;
				GCC_C_LANGUAGE_STANDARD = gnu11;
				GCC_DYNAMIC_NO_PIC = NO;
				GCC_NO_COMMON_BLOCKS = YES;
				GCC_OPTIMIZATION_LEVEL = 0;
				GCC_PREPROCESSOR_DEFINITIONS = (
					"DEBUG=1",
					"$(inherited)",
				);
				GCC_WARN_64_TO_32_BIT_CONVERSION = YES;
				GCC_WARN_ABOUT_RETURN_TYPE = YES_ERROR;
				GCC_WARN_UNDECLARED_SELECTOR = YES;
				GCC_WARN_UNINITIALIZED_AUTOS = YES_AGGRESSIVE;
				GCC_WARN_UNUSED_FUNCTION = YES;
				GCC_WARN_UNUSED_VARIABLE = YES;
				IPHONEOS_DEPLOYMENT_TARGET = 15.0;
				MTL_ENABLE_DEBUG_INFO = INCLUDE_SOURCE;
				MTL_FAST_MATH = YES;
				ONLY_ACTIVE_ARCH = YES;
				SDKROOT = iphoneos;
				SWIFT_ACTIVE_COMPILATION_CONDITIONS = DEBUG;
				SWIFT_OPTIMIZATION_LEVEL = "-Onone";
			};
			name = Debug;
		};
		C45743A6272A11410095CF39 /* Release */ = {
			isa = XCBuildConfiguration;
			buildSettings = {
				ALWAYS_SEARCH_USER_PATHS = NO;
				CLANG_ANALYZER_NONNULL = YES;
				CLANG_ANALYZER_NUMBER_OBJECT_CONVERSION = YES_AGGRESSIVE;
				CLANG_CXX_LANGUAGE_STANDARD = "gnu++17";
				CLANG_CXX_LIBRARY = "libc++";
				CLANG_ENABLE_MODULES = YES;
				CLANG_ENABLE_OBJC_ARC = YES;
				CLANG_ENABLE_OBJC_WEAK = YES;
				CLANG_WARN_BLOCK_CAPTURE_AUTORELEASING = YES;
				CLANG_WARN_BOOL_CONVERSION = YES;
				CLANG_WARN_COMMA = YES;
				CLANG_WARN_CONSTANT_CONVERSION = YES;
				CLANG_WARN_DEPRECATED_OBJC_IMPLEMENTATIONS = YES;
				CLANG_WARN_DIRECT_OBJC_ISA_USAGE = YES_ERROR;
				CLANG_WARN_DOCUMENTATION_COMMENTS = YES;
				CLANG_WARN_EMPTY_BODY = YES;
				CLANG_WARN_ENUM_CONVERSION = YES;
				CLANG_WARN_INFINITE_RECURSION = YES;
				CLANG_WARN_INT_CONVERSION = YES;
				CLANG_WARN_NON_LITERAL_NULL_CONVERSION = YES;
				CLANG_WARN_OBJC_IMPLICIT_RETAIN_SELF = YES;
				CLANG_WARN_OBJC_LITERAL_CONVERSION = YES;
				CLANG_WARN_OBJC_ROOT_CLASS = YES_ERROR;
				CLANG_WARN_QUOTED_INCLUDE_IN_FRAMEWORK_HEADER = YES;
				CLANG_WARN_RANGE_LOOP_ANALYSIS = YES;
				CLANG_WARN_STRICT_PROTOTYPES = YES;
				CLANG_WARN_SUSPICIOUS_MOVE = YES;
				CLANG_WARN_UNGUARDED_AVAILABILITY = YES_AGGRESSIVE;
				CLANG_WARN_UNREACHABLE_CODE = YES;
				CLANG_WARN__DUPLICATE_METHOD_MATCH = YES;
				COPY_PHASE_STRIP = NO;
				DEBUG_INFORMATION_FORMAT = "dwarf-with-dsym";
				ENABLE_NS_ASSERTIONS = NO;
				ENABLE_STRICT_OBJC_MSGSEND = YES;
				GCC_C_LANGUAGE_STANDARD = gnu11;
				GCC_NO_COMMON_BLOCKS = YES;
				GCC_WARN_64_TO_32_BIT_CONVERSION = YES;
				GCC_WARN_ABOUT_RETURN_TYPE = YES_ERROR;
				GCC_WARN_UNDECLARED_SELECTOR = YES;
				GCC_WARN_UNINITIALIZED_AUTOS = YES_AGGRESSIVE;
				GCC_WARN_UNUSED_FUNCTION = YES;
				GCC_WARN_UNUSED_VARIABLE = YES;
				IPHONEOS_DEPLOYMENT_TARGET = 15.0;
				MTL_ENABLE_DEBUG_INFO = NO;
				MTL_FAST_MATH = YES;
				SDKROOT = iphoneos;
				SWIFT_COMPILATION_MODE = wholemodule;
				SWIFT_OPTIMIZATION_LEVEL = "-O";
				VALIDATE_PRODUCT = YES;
			};
			name = Release;
		};
		C45743A8272A11410095CF39 /* Debug */ = {
			isa = XCBuildConfiguration;
			buildSettings = {
				ASSETCATALOG_COMPILER_APPICON_NAME = AppIcon;
				ASSETCATALOG_COMPILER_GLOBAL_ACCENT_COLOR_NAME = AccentColor;
				CODE_SIGN_STYLE = Automatic;
				CURRENT_PROJECT_VERSION = 1;
				DEVELOPMENT_ASSET_PATHS = "\"chem_aware/Preview Content\"";
				DEVELOPMENT_TEAM = MR3H259R5X;
				ENABLE_PREVIEWS = YES;
				GENERATE_INFOPLIST_FILE = YES;
				INFOPLIST_KEY_UIApplicationSceneManifest_Generation = YES;
				INFOPLIST_KEY_UIApplicationSupportsIndirectInputEvents = YES;
				INFOPLIST_KEY_UILaunchScreen_Generation = YES;
				INFOPLIST_KEY_UISupportedInterfaceOrientations_iPad = "UIInterfaceOrientationPortrait UIInterfaceOrientationPortraitUpsideDown UIInterfaceOrientationLandscapeLeft UIInterfaceOrientationLandscapeRight";
				INFOPLIST_KEY_UISupportedInterfaceOrientations_iPhone = "UIInterfaceOrientationPortrait UIInterfaceOrientationLandscapeLeft UIInterfaceOrientationLandscapeRight";
				LD_RUNPATH_SEARCH_PATHS = (
					"$(inherited)",
					"@executable_path/Frameworks",
				);
				MARKETING_VERSION = 1.0;
				PRODUCT_BUNDLE_IDENTIFIER = "Apple.chem-aware";
				PRODUCT_NAME = "$(TARGET_NAME)";
				SWIFT_EMIT_LOC_STRINGS = YES;
				SWIFT_VERSION = 5.0;
				TARGETED_DEVICE_FAMILY = "1,2";
			};
			name = Debug;
		};
		C45743A9272A11410095CF39 /* Release */ = {
			isa = XCBuildConfiguration;
			buildSettings = {
				ASSETCATALOG_COMPILER_APPICON_NAME = AppIcon;
				ASSETCATALOG_COMPILER_GLOBAL_ACCENT_COLOR_NAME = AccentColor;
				CODE_SIGN_STYLE = Automatic;
				CURRENT_PROJECT_VERSION = 1;
				DEVELOPMENT_ASSET_PATHS = "\"chem_aware/Preview Content\"";
				DEVELOPMENT_TEAM = MR3H259R5X;
				ENABLE_PREVIEWS = YES;
				GENERATE_INFOPLIST_FILE = YES;
				INFOPLIST_KEY_UIApplicationSceneManifest_Generation = YES;
				INFOPLIST_KEY_UIApplicationSupportsIndirectInputEvents = YES;
				INFOPLIST_KEY_UILaunchScreen_Generation = YES;
				INFOPLIST_KEY_UISupportedInterfaceOrientations_iPad = "UIInterfaceOrientationPortrait UIInterfaceOrientationPortraitUpsideDown UIInterfaceOrientationLandscapeLeft UIInterfaceOrientationLandscapeRight";
				INFOPLIST_KEY_UISupportedInterfaceOrientations_iPhone = "UIInterfaceOrientationPortrait UIInterfaceOrientationLandscapeLeft UIInterfaceOrientationLandscapeRight";
				LD_RUNPATH_SEARCH_PATHS = (
					"$(inherited)",
					"@executable_path/Frameworks",
				);
				MARKETING_VERSION = 1.0;
				PRODUCT_BUNDLE_IDENTIFIER = "Apple.chem-aware";
				PRODUCT_NAME = "$(TARGET_NAME)";
				SWIFT_EMIT_LOC_STRINGS = YES;
				SWIFT_VERSION = 5.0;
				TARGETED_DEVICE_FAMILY = "1,2";
			};
			name = Release;
		};
		C45743AB272A11410095CF39 /* Debug */ = {
			isa = XCBuildConfiguration;
			buildSettings = {
				ALWAYS_EMBED_SWIFT_STANDARD_LIBRARIES = YES;
				BUNDLE_LOADER = "$(TEST_HOST)";
				CODE_SIGN_STYLE = Automatic;
				CURRENT_PROJECT_VERSION = 1;
				DEVELOPMENT_TEAM = MR3H259R5X;
				GENERATE_INFOPLIST_FILE = YES;
				IPHONEOS_DEPLOYMENT_TARGET = 15.0;
				LD_RUNPATH_SEARCH_PATHS = (
					"$(inherited)",
					"@executable_path/Frameworks",
					"@loader_path/Frameworks",
				);
				MARKETING_VERSION = 1.0;
				PRODUCT_BUNDLE_IDENTIFIER = "Apple.chem-awareTests";
				PRODUCT_NAME = "$(TARGET_NAME)";
				SWIFT_EMIT_LOC_STRINGS = NO;
				SWIFT_VERSION = 5.0;
				TARGETED_DEVICE_FAMILY = "1,2";
				TEST_HOST = "$(BUILT_PRODUCTS_DIR)/chem_aware.app/chem_aware";
			};
			name = Debug;
		};
		C45743AC272A11410095CF39 /* Release */ = {
			isa = XCBuildConfiguration;
			buildSettings = {
				ALWAYS_EMBED_SWIFT_STANDARD_LIBRARIES = YES;
				BUNDLE_LOADER = "$(TEST_HOST)";
				CODE_SIGN_STYLE = Automatic;
				CURRENT_PROJECT_VERSION = 1;
				DEVELOPMENT_TEAM = MR3H259R5X;
				GENERATE_INFOPLIST_FILE = YES;
				IPHONEOS_DEPLOYMENT_TARGET = 15.0;
				LD_RUNPATH_SEARCH_PATHS = (
					"$(inherited)",
					"@executable_path/Frameworks",
					"@loader_path/Frameworks",
				);
				MARKETING_VERSION = 1.0;
				PRODUCT_BUNDLE_IDENTIFIER = "Apple.chem-awareTests";
				PRODUCT_NAME = "$(TARGET_NAME)";
				SWIFT_EMIT_LOC_STRINGS = NO;
				SWIFT_VERSION = 5.0;
				TARGETED_DEVICE_FAMILY = "1,2";
				TEST_HOST = "$(BUILT_PRODUCTS_DIR)/chem_aware.app/chem_aware";
			};
			name = Release;
		};
		C45743AE272A11410095CF39 /* Debug */ = {
			isa = XCBuildConfiguration;
			buildSettings = {
				ALWAYS_EMBED_SWIFT_STANDARD_LIBRARIES = YES;
				CODE_SIGN_STYLE = Automatic;
				CURRENT_PROJECT_VERSION = 1;
				DEVELOPMENT_TEAM = MR3H259R5X;
				GENERATE_INFOPLIST_FILE = YES;
				LD_RUNPATH_SEARCH_PATHS = (
					"$(inherited)",
					"@executable_path/Frameworks",
					"@loader_path/Frameworks",
				);
				MARKETING_VERSION = 1.0;
				PRODUCT_BUNDLE_IDENTIFIER = "Apple.chem-awareUITests";
				PRODUCT_NAME = "$(TARGET_NAME)";
				SWIFT_EMIT_LOC_STRINGS = NO;
				SWIFT_VERSION = 5.0;
				TARGETED_DEVICE_FAMILY = "1,2";
				TEST_TARGET_NAME = chem_aware;
			};
			name = Debug;
		};
		C45743AF272A11410095CF39 /* Release */ = {
			isa = XCBuildConfiguration;
			buildSettings = {
				ALWAYS_EMBED_SWIFT_STANDARD_LIBRARIES = YES;
				CODE_SIGN_STYLE = Automatic;
				CURRENT_PROJECT_VERSION = 1;
				DEVELOPMENT_TEAM = MR3H259R5X;
				GENERATE_INFOPLIST_FILE = YES;
				LD_RUNPATH_SEARCH_PATHS = (
					"$(inherited)",
					"@executable_path/Frameworks",
					"@loader_path/Frameworks",
				);
				MARKETING_VERSION = 1.0;
				PRODUCT_BUNDLE_IDENTIFIER = "Apple.chem-awareUITests";
				PRODUCT_NAME = "$(TARGET_NAME)";
				SWIFT_EMIT_LOC_STRINGS = NO;
				SWIFT_VERSION = 5.0;
				TARGETED_DEVICE_FAMILY = "1,2";
				TEST_TARGET_NAME = chem_aware;
			};
			name = Release;
		};
/* End XCBuildConfiguration section */

/* Begin XCConfigurationList section */
		C457437E272A113F0095CF39 /* Build configuration list for PBXProject "chem_aware" */ = {
			isa = XCConfigurationList;
			buildConfigurations = (
				C45743A5272A11410095CF39 /* Debug */,
				C45743A6272A11410095CF39 /* Release */,
			);
			defaultConfigurationIsVisible = 0;
			defaultConfigurationName = Release;
		};
		C45743A7272A11410095CF39 /* Build configuration list for PBXNativeTarget "chem_aware" */ = {
			isa = XCConfigurationList;
			buildConfigurations = (
				C45743A8272A11410095CF39 /* Debug */,
				C45743A9272A11410095CF39 /* Release */,
			);
			defaultConfigurationIsVisible = 0;
			defaultConfigurationName = Release;
		};
		C45743AA272A11410095CF39 /* Build configuration list for PBXNativeTarget "chem_awareTests" */ = {
			isa = XCConfigurationList;
			buildConfigurations = (
				C45743AB272A11410095CF39 /* Debug */,
				C45743AC272A11410095CF39 /* Release */,
			);
			defaultConfigurationIsVisible = 0;
			defaultConfigurationName = Release;
		};
		C45743AD272A11410095CF39 /* Build configuration list for PBXNativeTarget "chem_awareUITests" */ = {
			isa = XCConfigurationList;
			buildConfigurations = (
				C45743AE272A11410095CF39 /* Debug */,
				C45743AF272A11410095CF39 /* Release */,
			);
			defaultConfigurationIsVisible = 0;
			defaultConfigurationName = Release;
		};
/* End XCConfigurationList section */
	};
	rootObject = C457437B272A113F0095CF39 /* Project object */;
}
